
Microsoft Visual Studio Solution File, Format Version 12.00
# Visual Studio 15
Project("{FAE04EC0-301F-11D3-BF4B-00C04F79EFBC}") = "Assembly-CSharp", "Assembly-CSharp.csproj", "{14AD6DAE-6DC3-1766-2A7F-4FEFBA59F213}"
EndProject
Project("{FAE04EC0-301F-11D3-BF4B-00C04F79EFBC}") = "Assembly-CSharp-Editor", "Assembly-CSharp-Editor.csproj", "{629D6A0E-084A-B8E9-82FC-FB41142A60B6}"
EndProject
Global
	GlobalSection(SolutionConfigurationPlatforms) = preSolution
		Debug|Any CPU = Debug|Any CPU
		Release|Any CPU = Release|Any CPU
	EndGlobalSection
	GlobalSection(ProjectConfigurationPlatforms) = postSolution
		{14AD6DAE-6DC3-1766-2A7F-4FEFBA59F213}.Debug|Any CPU.ActiveCfg = Debug|Any CPU
		{14AD6DAE-6DC3-1766-2A7F-4FEFBA59F213}.Debug|Any CPU.Build.0 = Debug|Any CPU
		{14AD6DAE-6DC3-1766-2A7F-4FEFBA59F213}.Release|Any CPU.ActiveCfg = Release|Any CPU
		{14AD6DAE-6DC3-1766-2A7F-4FEFBA59F213}.Release|Any CPU.Build.0 = Release|Any CPU
		{629D6A0E-084A-B8E9-82FC-FB41142A60B6}.Debug|Any CPU.ActiveCfg = Debug|Any CPU
		{629D6A0E-084A-B8E9-82FC-FB41142A60B6}.Debug|Any CPU.Build.0 = Debug|Any CPU
		{629D6A0E-084A-B8E9-82FC-FB41142A60B6}.Release|Any CPU.ActiveCfg = Release|Any CPU
		{629D6A0E-084A-B8E9-82FC-FB41142A60B6}.Release|Any CPU.Build.0 = Release|Any CPU
	EndGlobalSection
	GlobalSection(SolutionProperties) = preSolution
		HideSolutionNode = FALSE
	EndGlobalSection
EndGlobal
